
Microsoft Visual Studio Solution File, Format Version 12.00
# Visual Studio 15
Project("{FAE04EC0-301F-11D3-BF4B-00C04F79EFBC}") = "Cicerone.Android", "Cicerone.Android\Cicerone.Android.csproj", "{3E87088B-B255-432E-9B5A-905221EC8B40}"
EndProject
Project("{FAE04EC0-301F-11D3-BF4B-00C04F79EFBC}") = "Cicerone.iOS", "Cicerone.iOS\Cicerone.iOS.csproj", "{CE30F195-2EF4-4A00-A929-B7B0048AF106}"
EndProject
Project("{FAE04EC0-301F-11D3-BF4B-00C04F79EFBC}") = "Cicerone", "Cicerone\Cicerone.csproj", "{4730CAC5-9F8A-4619-92E0-0CEC0CEC65CC}"
EndProject
Global
	GlobalSection(SolutionConfigurationPlatforms) = preSolution
		Debug|Any CPU = Debug|Any CPU
		Release|Any CPU = Release|Any CPU
		Debug|iPhoneSimulator = Debug|iPhoneSimulator
		Release|iPhoneSimulator = Release|iPhoneSimulator
		Debug|iPhone = Debug|iPhone
		Release|iPhone = Release|iPhone
	EndGlobalSection
	GlobalSection(ProjectConfigurationPlatforms) = postSolution
		{3E87088B-B255-432E-9B5A-905221EC8B40}.Debug|Any CPU.ActiveCfg = Debug|Any CPU
		{3E87088B-B255-432E-9B5A-905221EC8B40}.Debug|Any CPU.Build.0 = Debug|Any CPU
		{3E87088B-B255-432E-9B5A-905221EC8B40}.Release|Any CPU.ActiveCfg = Release|Any CPU
		{3E87088B-B255-432E-9B5A-905221EC8B40}.Release|Any CPU.Build.0 = Release|Any CPU
		{3E87088B-B255-432E-9B5A-905221EC8B40}.Debug|iPhoneSimulator.ActiveCfg = Debug|Any CPU
		{3E87088B-B255-432E-9B5A-905221EC8B40}.Debug|iPhoneSimulator.Build.0 = Debug|Any CPU
		{3E87088B-B255-432E-9B5A-905221EC8B40}.Release|iPhoneSimulator.ActiveCfg = Release|Any CPU
		{3E87088B-B255-432E-9B5A-905221EC8B40}.Release|iPhoneSimulator.Build.0 = Release|Any CPU
		{3E87088B-B255-432E-9B5A-905221EC8B40}.Debug|iPhone.ActiveCfg = Debug|Any CPU
		{3E87088B-B255-432E-9B5A-905221EC8B40}.Debug|iPhone.Build.0 = Debug|Any CPU
		{3E87088B-B255-432E-9B5A-905221EC8B40}.Release|iPhone.ActiveCfg = Release|Any CPU
		{3E87088B-B255-432E-9B5A-905221EC8B40}.Release|iPhone.Build.0 = Release|Any CPU
		{CE30F195-2EF4-4A00-A929-B7B0048AF106}.Debug|Any CPU.ActiveCfg = Debug|iPhoneSimulator
		{CE30F195-2EF4-4A00-A929-B7B0048AF106}.Debug|Any CPU.Build.0 = Debug|iPhoneSimulator
		{CE30F195-2EF4-4A00-A929-B7B0048AF106}.Release|Any CPU.ActiveCfg = Release|iPhoneSimulator
		{CE30F195-2EF4-4A00-A929-B7B0048AF106}.Release|Any CPU.Build.0 = Release|iPhoneSimulator
		{CE30F195-2EF4-4A00-A929-B7B0048AF106}.Debug|iPhoneSimulator.ActiveCfg = Debug|iPhoneSimulator
		{CE30F195-2EF4-4A00-A929-B7B0048AF106}.Debug|iPhoneSimulator.Build.0 = Debug|iPhoneSimulator
		{CE30F195-2EF4-4A00-A929-B7B0048AF106}.Release|iPhoneSimulator.ActiveCfg = Release|iPhoneSimulator
		{CE30F195-2EF4-4A00-A929-B7B0048AF106}.Release|iPhoneSimulator.Build.0 = Release|iPhoneSimulator
		{CE30F195-2EF4-4A00-A929-B7B0048AF106}.Debug|iPhone.ActiveCfg = Debug|iPhone
		{CE30F195-2EF4-4A00-A929-B7B0048AF106}.Debug|iPhone.Build.0 = Debug|iPhone
		{CE30F195-2EF4-4A00-A929-B7B0048AF106}.Release|iPhone.ActiveCfg = Release|iPhone
		{CE30F195-2EF4-4A00-A929-B7B0048AF106}.Release|iPhone.Build.0 = Release|iPhone
		{4730CAC5-9F8A-4619-92E0-0CEC0CEC65CC}.Debug|Any CPU.ActiveCfg = Debug|Any CPU
		{4730CAC5-9F8A-4619-92E0-0CEC0CEC65CC}.Debug|Any CPU.Build.0 = Debug|Any CPU
		{4730CAC5-9F8A-4619-92E0-0CEC0CEC65CC}.Release|Any CPU.ActiveCfg = Release|Any CPU
		{4730CAC5-9F8A-4619-92E0-0CEC0CEC65CC}.Release|Any CPU.Build.0 = Release|Any CPU
		{4730CAC5-9F8A-4619-92E0-0CEC0CEC65CC}.Debug|iPhoneSimulator.ActiveCfg = Debug|Any CPU
		{4730CAC5-9F8A-4619-92E0-0CEC0CEC65CC}.Debug|iPhoneSimulator.Build.0 = Debug|Any CPU
		{4730CAC5-9F8A-4619-92E0-0CEC0CEC65CC}.Release|iPhoneSimulator.ActiveCfg = Release|Any CPU
		{4730CAC5-9F8A-4619-92E0-0CEC0CEC65CC}.Release|iPhoneSimulator.Build.0 = Release|Any CPU
		{4730CAC5-9F8A-4619-92E0-0CEC0CEC65CC}.Debug|iPhone.ActiveCfg = Debug|Any CPU
		{4730CAC5-9F8A-4619-92E0-0CEC0CEC65CC}.Debug|iPhone.Build.0 = Debug|Any CPU
		{4730CAC5-9F8A-4619-92E0-0CEC0CEC65CC}.Release|iPhone.ActiveCfg = Release|Any CPU
		{4730CAC5-9F8A-4619-92E0-0CEC0CEC65CC}.Release|iPhone.Build.0 = Release|Any CPU
	EndGlobalSection
EndGlobal
