Microsoft Visual Studio Solution File, Format Version 12.00
# Visual Studio Version 16
VisualStudioVersion = 16.0.30611.23
MinimumVisualStudioVersion = 10.0.40219.1
Project("{FAE04EC0-301F-11D3-BF4B-00C04F79EFBC}") = "Cicerone.Android", "Cicerone.Android\Cicerone.Android.csproj", "{3E87088B-B255-432E-9B5A-905221EC8B40}"
EndProject
Project("{FAE04EC0-301F-11D3-BF4B-00C04F79EFBC}") = "Cicerone.iOS", "Cicerone.iOS\Cicerone.iOS.csproj", "{CE30F195-2EF4-4A00-A929-B7B0048AF106}"
EndProject
Project("{9A19103F-16F7-4668-BE54-9A1E7A4F7556}") = "Cicerone", "Cicerone\Cicerone.csproj", "{4730CAC5-9F8A-4619-92E0-0CEC0CEC65CC}"
EndProject
Project("{9A19103F-16F7-4668-BE54-9A1E7A4F7556}") = "Cicerone.Core", "Cicerone.Core\Cicerone.Core.csproj", "{958EF85F-CE10-4A40-B231-0B8D19D4EA11}"
EndProject
Global
	GlobalSection(SolutionConfigurationPlatforms) = preSolution
		Debug|Any CPU = Debug|Any CPU
		Debug|iPhone = Debug|iPhone
		Debug|iPhoneSimulator = Debug|iPhoneSimulator
		Release|Any CPU = Release|Any CPU
		Release|iPhone = Release|iPhone
		Release|iPhoneSimulator = Release|iPhoneSimulator
	EndGlobalSection
	GlobalSection(ProjectConfigurationPlatforms) = postSolution
		{3E87088B-B255-432E-9B5A-905221EC8B40}.Debug|Any CPU.ActiveCfg = Debug|Any CPU
		{3E87088B-B255-432E-9B5A-905221EC8B40}.Debug|Any CPU.Build.0 = Debug|Any CPU
		{3E87088B-B255-432E-9B5A-905221EC8B40}.Debug|Any CPU.Deploy.0 = Debug|Any CPU
		{3E87088B-B255-432E-9B5A-905221EC8B40}.Debug|iPhone.ActiveCfg = Debug|Any CPU
		{3E87088B-B255-432E-9B5A-905221EC8B40}.Debug|iPhone.Build.0 = Debug|Any CPU
		{3E87088B-B255-432E-9B5A-905221EC8B40}.Debug|iPhoneSimulator.ActiveCfg = Debug|Any CPU
		{3E87088B-B255-432E-9B5A-905221EC8B40}.Debug|iPhoneSimulator.Build.0 = Debug|Any CPU
		{3E87088B-B255-432E-9B5A-905221EC8B40}.Release|Any CPU.ActiveCfg = Release|Any CPU
		{3E87088B-B255-432E-9B5A-905221EC8B40}.Release|Any CPU.Build.0 = Release|Any CPU
		{3E87088B-B255-432E-9B5A-905221EC8B40}.Release|Any CPU.Deploy.0 = Release|Any CPU
		{3E87088B-B255-432E-9B5A-905221EC8B40}.Release|iPhone.ActiveCfg = Release|Any CPU
		{3E87088B-B255-432E-9B5A-905221EC8B40}.Release|iPhone.Build.0 = Release|Any CPU
		{3E87088B-B255-432E-9B5A-905221EC8B40}.Release|iPhoneSimulator.ActiveCfg = Release|Any CPU
		{3E87088B-B255-432E-9B5A-905221EC8B40}.Release|iPhoneSimulator.Build.0 = Release|Any CPU
		{CE30F195-2EF4-4A00-A929-B7B0048AF106}.Debug|Any CPU.ActiveCfg = Debug|iPhoneSimulator
		{CE30F195-2EF4-4A00-A929-B7B0048AF106}.Debug|Any CPU.Build.0 = Debug|iPhoneSimulator
		{CE30F195-2EF4-4A00-A929-B7B0048AF106}.Debug|iPhone.ActiveCfg = Debug|iPhone
		{CE30F195-2EF4-4A00-A929-B7B0048AF106}.Debug|iPhone.Build.0 = Debug|iPhone
		{CE30F195-2EF4-4A00-A929-B7B0048AF106}.Debug|iPhoneSimulator.ActiveCfg = Debug|iPhoneSimulator
		{CE30F195-2EF4-4A00-A929-B7B0048AF106}.Debug|iPhoneSimulator.Build.0 = Debug|iPhoneSimulator
		{CE30F195-2EF4-4A00-A929-B7B0048AF106}.Release|Any CPU.ActiveCfg = Release|iPhoneSimulator
		{CE30F195-2EF4-4A00-A929-B7B0048AF106}.Release|Any CPU.Build.0 = Release|iPhoneSimulator
		{CE30F195-2EF4-4A00-A929-B7B0048AF106}.Release|iPhone.ActiveCfg = Release|iPhone
		{CE30F195-2EF4-4A00-A929-B7B0048AF106}.Release|iPhone.Build.0 = Release|iPhone
		{CE30F195-2EF4-4A00-A929-B7B0048AF106}.Release|iPhoneSimulator.ActiveCfg = Release|iPhoneSimulator
		{CE30F195-2EF4-4A00-A929-B7B0048AF106}.Release|iPhoneSimulator.Build.0 = Release|iPhoneSimulator
		{4730CAC5-9F8A-4619-92E0-0CEC0CEC65CC}.Debug|Any CPU.ActiveCfg = Debug|Any CPU
		{4730CAC5-9F8A-4619-92E0-0CEC0CEC65CC}.Debug|Any CPU.Build.0 = Debug|Any CPU
		{4730CAC5-9F8A-4619-92E0-0CEC0CEC65CC}.Debug|iPhone.ActiveCfg = Debug|Any CPU
		{4730CAC5-9F8A-4619-92E0-0CEC0CEC65CC}.Debug|iPhone.Build.0 = Debug|Any CPU
		{4730CAC5-9F8A-4619-92E0-0CEC0CEC65CC}.Debug|iPhoneSimulator.ActiveCfg = Debug|Any CPU
		{4730CAC5-9F8A-4619-92E0-0CEC0CEC65CC}.Debug|iPhoneSimulator.Build.0 = Debug|Any CPU
		{4730CAC5-9F8A-4619-92E0-0CEC0CEC65CC}.Release|Any CPU.ActiveCfg = Release|Any CPU
		{4730CAC5-9F8A-4619-92E0-0CEC0CEC65CC}.Release|Any CPU.Build.0 = Release|Any CPU
		{4730CAC5-9F8A-4619-92E0-0CEC0CEC65CC}.Release|iPhone.ActiveCfg = Release|Any CPU
		{4730CAC5-9F8A-4619-92E0-0CEC0CEC65CC}.Release|iPhone.Build.0 = Release|Any CPU
		{4730CAC5-9F8A-4619-92E0-0CEC0CEC65CC}.Release|iPhoneSimulator.ActiveCfg = Release|Any CPU
		{4730CAC5-9F8A-4619-92E0-0CEC0CEC65CC}.Release|iPhoneSimulator.Build.0 = Release|Any CPU
		{958EF85F-CE10-4A40-B231-0B8D19D4EA11}.Debug|Any CPU.ActiveCfg = Debug|Any CPU
		{958EF85F-CE10-4A40-B231-0B8D19D4EA11}.Debug|Any CPU.Build.0 = Debug|Any CPU
		{958EF85F-CE10-4A40-B231-0B8D19D4EA11}.Debug|iPhone.ActiveCfg = Debug|Any CPU
		{958EF85F-CE10-4A40-B231-0B8D19D4EA11}.Debug|iPhone.Build.0 = Debug|Any CPU
		{958EF85F-CE10-4A40-B231-0B8D19D4EA11}.Debug|iPhoneSimulator.ActiveCfg = Debug|Any CPU
		{958EF85F-CE10-4A40-B231-0B8D19D4EA11}.Debug|iPhoneSimulator.Build.0 = Debug|Any CPU
		{958EF85F-CE10-4A40-B231-0B8D19D4EA11}.Release|Any CPU.ActiveCfg = Release|Any CPU
		{958EF85F-CE10-4A40-B231-0B8D19D4EA11}.Release|Any CPU.Build.0 = Release|Any CPU
		{958EF85F-CE10-4A40-B231-0B8D19D4EA11}.Release|iPhone.ActiveCfg = Release|Any CPU
		{958EF85F-CE10-4A40-B231-0B8D19D4EA11}.Release|iPhone.Build.0 = Release|Any CPU
		{958EF85F-CE10-4A40-B231-0B8D19D4EA11}.Release|iPhoneSimulator.ActiveCfg = Release|Any CPU
		{958EF85F-CE10-4A40-B231-0B8D19D4EA11}.Release|iPhoneSimulator.Build.0 = Release|Any CPU
	EndGlobalSection
	GlobalSection(SolutionProperties) = preSolution
		HideSolutionNode = FALSE
	EndGlobalSection
	GlobalSection(ExtensibilityGlobals) = postSolution
		SolutionGuid = {708C3454-23C0-4520-AB84-E30A957D59ED}
	EndGlobalSection
EndGlobal
